
Microsoft Visual Studio Solution File, Format Version 12.00
# Visual Studio Version 17
VisualStudioVersion = 17.2.32630.192
MinimumVisualStudioVersion = 10.0.40219.1
Project("{9A19103F-16F7-4668-BE54-9A1E7A4F7556}") = "CBS2.1", "CBS2.1.csproj", "{8E8DA2DB-1C54-4DAC-8CC2-D4F46315E629}"
EndProject
Project("{FAE04EC0-301F-11D3-BF4B-00C04F79EFBC}") = "ConsoleApp32", "..\ConsoleApp32\ConsoleApp32.csproj", "{3C358719-D361-4644-9FF9-5A331B3DFB48}"
EndProject
Project("{FAE04EC0-301F-11D3-BF4B-00C04F79EFBC}") = "ConsoleApp34", "..\ConsoleApp34\ConsoleApp34.csproj", "{74DBF558-76CD-43FE-8559-378E898EDB62}"
EndProject
Project("{FAE04EC0-301F-11D3-BF4B-00C04F79EFBC}") = "ConsoleApp35", "..\ConsoleApp35\ConsoleApp35.csproj", "{DEADEAA5-C43F-4C63-839E-5BA726C98F55}"
EndProject
Project("{FAE04EC0-301F-11D3-BF4B-00C04F79EFBC}") = "ConsoleApp36", "..\ConsoleApp36\ConsoleApp36.csproj", "{0DEF2E7A-F881-4AF4-BB86-1F9F9DBBF9E1}"
EndProject
Global
	GlobalSection(SolutionConfigurationPlatforms) = preSolution
		Debug|Any CPU = Debug|Any CPU
		Release|Any CPU = Release|Any CPU
	EndGlobalSection
	GlobalSection(ProjectConfigurationPlatforms) = postSolution
		{8E8DA2DB-1C54-4DAC-8CC2-D4F46315E629}.Debug|Any CPU.ActiveCfg = Debug|Any CPU
		{8E8DA2DB-1C54-4DAC-8CC2-D4F46315E629}.Debug|Any CPU.Build.0 = Debug|Any CPU
		{8E8DA2DB-1C54-4DAC-8CC2-D4F46315E629}.Release|Any CPU.ActiveCfg = Release|Any CPU
		{8E8DA2DB-1C54-4DAC-8CC2-D4F46315E629}.Release|Any CPU.Build.0 = Release|Any CPU
		{3C358719-D361-4644-9FF9-5A331B3DFB48}.Debug|Any CPU.ActiveCfg = Debug|Any CPU
		{3C358719-D361-4644-9FF9-5A331B3DFB48}.Debug|Any CPU.Build.0 = Debug|Any CPU
		{3C358719-D361-4644-9FF9-5A331B3DFB48}.Release|Any CPU.ActiveCfg = Release|Any CPU
		{3C358719-D361-4644-9FF9-5A331B3DFB48}.Release|Any CPU.Build.0 = Release|Any CPU
		{74DBF558-76CD-43FE-8559-378E898EDB62}.Debug|Any CPU.ActiveCfg = Debug|Any CPU
		{74DBF558-76CD-43FE-8559-378E898EDB62}.Debug|Any CPU.Build.0 = Debug|Any CPU
		{74DBF558-76CD-43FE-8559-378E898EDB62}.Release|Any CPU.ActiveCfg = Release|Any CPU
		{74DBF558-76CD-43FE-8559-378E898EDB62}.Release|Any CPU.Build.0 = Release|Any CPU
		{DEADEAA5-C43F-4C63-839E-5BA726C98F55}.Debug|Any CPU.ActiveCfg = Debug|Any CPU
		{DEADEAA5-C43F-4C63-839E-5BA726C98F55}.Debug|Any CPU.Build.0 = Debug|Any CPU
		{DEADEAA5-C43F-4C63-839E-5BA726C98F55}.Release|Any CPU.ActiveCfg = Release|Any CPU
		{DEADEAA5-C43F-4C63-839E-5BA726C98F55}.Release|Any CPU.Build.0 = Release|Any CPU
		{0DEF2E7A-F881-4AF4-BB86-1F9F9DBBF9E1}.Debug|Any CPU.ActiveCfg = Debug|Any CPU
		{0DEF2E7A-F881-4AF4-BB86-1F9F9DBBF9E1}.Debug|Any CPU.Build.0 = Debug|Any CPU
		{0DEF2E7A-F881-4AF4-BB86-1F9F9DBBF9E1}.Release|Any CPU.ActiveCfg = Release|Any CPU
		{0DEF2E7A-F881-4AF4-BB86-1F9F9DBBF9E1}.Release|Any CPU.Build.0 = Release|Any CPU
	EndGlobalSection
	GlobalSection(SolutionProperties) = preSolution
		HideSolutionNode = FALSE
	EndGlobalSection
	GlobalSection(ExtensibilityGlobals) = postSolution
		SolutionGuid = {299BF8FB-E116-48D1-81F7-D4D6E9F3A894}
	EndGlobalSection
EndGlobal
